PODS:
  - Alamofire (5.4.3)
  - RxCocoa (6.2.0):
    - RxRelay (= 6.2.0)
    - RxSwift (= 6.2.0)
  - RxRelay (6.2.0):
    - RxSwift (= 6.2.0)
  - RxSwift (6.2.0)
  - RxWebKit (2.0.0):
    - RxCocoa (~> 6.0)
    - RxSwift (~> 6.0)
  - SwiftyJSON (5.0.1)

DEPENDENCIES:
  - Alamofire
  - RxCocoa
  - RxSwift
  - RxWebKit
  - SwiftyJSON

SPEC REPOS:
  trunk:
    - Alamofire
    - RxCocoa
    - RxRelay
    - RxSwift
    - RxWebKit
    - SwiftyJSON

SPEC CHECKSUMS:
  Alamofire: e447a2774a40c996748296fa2c55112fdbbc42f9
  RxCocoa: 4baf94bb35f2c0ab31bc0cb9f1900155f646ba42
  RxRelay: e72dbfd157807478401ef1982e1c61c945c94b2f
  RxSwift: d356ab7bee873611322f134c5f9ef379fa183d8f
  RxWebKit: f1d621d914e230f8aff65a7f03c969dced8915eb
  SwiftyJSON: 2f33a42c6fbc52764d96f13368585094bfd8aa5e

PODFILE CHECKSUM: b4b0f353b91146f3399f5c02f325af3c8f93a867

COCOAPODS: 1.10.1
