// !$*UTF8*$!
{
	archiveVersion = 1;
	classes = {
	};
	objectVersion = 51;
	objects = {

/* Begin PBXBuildFile section */
		4B88059036C214487C584C12 /* Pods_BitbucketRepos_BitbucketReposUITests.framework in Frameworks */ = {isa = PBXBuildFile; fileRef = 11021C7C6C4D44B53AEB4767 /* Pods_BitbucketRepos_BitbucketReposUITests.framework */; };
		75A488FA0C53372766DF8B53 /* Pods_BitbucketRepos.framework in Frameworks */ = {isa = PBXBuildFile; fileRef = 7580AD3C0551A8A4179BC83A /* Pods_BitbucketRepos.framework */; };
		866EF54616EA0BA87F6E4950 /* Pods_BitbucketReposTests.framework in Frameworks */ = {isa = PBXBuildFile; fileRef = 0BA6A2EF43CE121A6BFD112B /* Pods_BitbucketReposTests.framework */; };
		C33731ED2696FBE200A0DD4B /* RepoTableViewCell.swift in Sources */ = {isa = PBXBuildFile; fileRef = C33731EC2696FBE200A0DD4B /* RepoTableViewCell.swift */; };
		C33731F72696FC6D00A0DD4B /* RepoViewController.swift in Sources */ = {isa = PBXBuildFile; fileRef = C33731F62696FC6D00A0DD4B /* RepoViewController.swift */; };
		C337320126979B2B00A0DD4B /* RepoService.swift in Sources */ = {isa = PBXBuildFile; fileRef = C337320026979B2B00A0DD4B /* RepoService.swift */; };
		C337320226979B2B00A0DD4B /* RepoService.swift in Sources */ = {isa = PBXBuildFile; fileRef = C337320026979B2B00A0DD4B /* RepoService.swift */; };
		C337320326979B2B00A0DD4B /* RepoService.swift in Sources */ = {isa = PBXBuildFile; fileRef = C337320026979B2B00A0DD4B /* RepoService.swift */; };
		C337321B2697E34100A0DD4B /* Repository.swift in Sources */ = {isa = PBXBuildFile; fileRef = C337321A2697E34100A0DD4B /* Repository.swift */; };
		C337321C2697E34100A0DD4B /* Repository.swift in Sources */ = {isa = PBXBuildFile; fileRef = C337321A2697E34100A0DD4B /* Repository.swift */; };
		C337321D2697E34100A0DD4B /* Repository.swift in Sources */ = {isa = PBXBuildFile; fileRef = C337321A2697E34100A0DD4B /* Repository.swift */; };
		C33732252698FED000A0DD4B /* Assets.xcassets in Resources */ = {isa = PBXBuildFile; fileRef = C33732242698FED000A0DD4B /* Assets.xcassets */; };
		C33732262698FED000A0DD4B /* Assets.xcassets in Resources */ = {isa = PBXBuildFile; fileRef = C33732242698FED000A0DD4B /* Assets.xcassets */; };
		C33732272698FED000A0DD4B /* Assets.xcassets in Resources */ = {isa = PBXBuildFile; fileRef = C33732242698FED000A0DD4B /* Assets.xcassets */; };
		C3373251269BD8FE00A0DD4B /* RepoViewController.swift in Sources */ = {isa = PBXBuildFile; fileRef = C33731F62696FC6D00A0DD4B /* RepoViewController.swift */; };
		C3373252269BD8FE00A0DD4B /* RepoViewController.swift in Sources */ = {isa = PBXBuildFile; fileRef = C33731F62696FC6D00A0DD4B /* RepoViewController.swift */; };
		C3373269269BE09100A0DD4B /* WebViewController.swift in Sources */ = {isa = PBXBuildFile; fileRef = C3373268269BE09100A0DD4B /* WebViewController.swift */; };
		C337326A269BE09100A0DD4B /* WebViewController.swift in Sources */ = {isa = PBXBuildFile; fileRef = C3373268269BE09100A0DD4B /* WebViewController.swift */; };
		C337326B269BE09100A0DD4B /* WebViewController.swift in Sources */ = {isa = PBXBuildFile; fileRef = C3373268269BE09100A0DD4B /* WebViewController.swift */; };
		C3B14C232696B4CC00FD44A9 /* AppDelegate.swift in Sources */ = {isa = PBXBuildFile; fileRef = C3B14C222696B4CC00FD44A9 /* AppDelegate.swift */; };
		C3B14C252696B4CC00FD44A9 /* SceneDelegate.swift in Sources */ = {isa = PBXBuildFile; fileRef = C3B14C242696B4CC00FD44A9 /* SceneDelegate.swift */; };
		C3B14C2A2696B4CC00FD44A9 /* Main.storyboard in Resources */ = {isa = PBXBuildFile; fileRef = C3B14C282696B4CC00FD44A9 /* Main.storyboard */; };
		C3B14C2F2696B4D200FD44A9 /* LaunchScreen.storyboard in Resources */ = {isa = PBXBuildFile; fileRef = C3B14C2D2696B4D200FD44A9 /* LaunchScreen.storyboard */; };
		C3B14C3A2696B4D300FD44A9 /* BitbucketReposTests.swift in Sources */ = {isa = PBXBuildFile; fileRef = C3B14C392696B4D300FD44A9 /* BitbucketReposTests.swift */; };
		C3B14C452696B4D300FD44A9 /* BitbucketReposUITests.swift in Sources */ = {isa = PBXBuildFile; fileRef = C3B14C442696B4D300FD44A9 /* BitbucketReposUITests.swift */; };
/* End PBXBuildFile section */

/* Begin PBXContainerItemProxy section */
		C3B14C362696B4D200FD44A9 /* PBXContainerItemProxy */ = {
			isa = PBXContainerItemProxy;
			containerPortal = C3B14C172696B4CC00FD44A9 /* Project object */;
			proxyType = 1;
			remoteGlobalIDString = C3B14C1E2696B4CC00FD44A9;
			remoteInfo = BitbucketRepos;
		};
		C3B14C412696B4D300FD44A9 /* PBXContainerItemProxy */ = {
			isa = PBXContainerItemProxy;
			containerPortal = C3B14C172696B4CC00FD44A9 /* Project object */;
			proxyType = 1;
			remoteGlobalIDString = C3B14C1E2696B4CC00FD44A9;
			remoteInfo = BitbucketRepos;
		};
/* End PBXContainerItemProxy section */

/* Begin PBXFileReference section */
		09E1CAEF3FD8A1FF30C4A946 /* Pods-BitbucketRepos.release.xcconfig */ = {isa = PBXFileReference; includeInIndex = 1; lastKnownFileType = text.xcconfig; name = "Pods-BitbucketRepos.release.xcconfig"; path = "Target Support Files/Pods-BitbucketRepos/Pods-BitbucketRepos.release.xcconfig"; sourceTree = "<group>"; };
		0BA6A2EF43CE121A6BFD112B /* Pods_BitbucketReposTests.framework */ = {isa = PBXFileReference; explicitFileType = wrapper.framework; includeInIndex = 0; path = Pods_BitbucketReposTests.framework; sourceTree = BUILT_PRODUCTS_DIR; };
		11021C7C6C4D44B53AEB4767 /* Pods_BitbucketRepos_BitbucketReposUITests.framework */ = {isa = PBXFileReference; explicitFileType = wrapper.framework; includeInIndex = 0; path = Pods_BitbucketRepos_BitbucketReposUITests.framework; sourceTree = BUILT_PRODUCTS_DIR; };
		4E6E4C003A112E7383A67CFC /* Pods-BitbucketRepos-BitbucketReposUITests.debug.xcconfig */ = {isa = PBXFileReference; includeInIndex = 1; lastKnownFileType = text.xcconfig; name = "Pods-BitbucketRepos-BitbucketReposUITests.debug.xcconfig"; path = "Target Support Files/Pods-BitbucketRepos-BitbucketReposUITests/Pods-BitbucketRepos-BitbucketReposUITests.debug.xcconfig"; sourceTree = "<group>"; };
		7580AD3C0551A8A4179BC83A /* Pods_BitbucketRepos.framework */ = {isa = PBXFileReference; explicitFileType = wrapper.framework; includeInIndex = 0; path = Pods_BitbucketRepos.framework; sourceTree = BUILT_PRODUCTS_DIR; };
		7EF413C8B99754B97B9F5E9B /* Pods-BitbucketRepos-BitbucketReposUITests.release.xcconfig */ = {isa = PBXFileReference; includeInIndex = 1; lastKnownFileType = text.xcconfig; name = "Pods-BitbucketRepos-BitbucketReposUITests.release.xcconfig"; path = "Target Support Files/Pods-BitbucketRepos-BitbucketReposUITests/Pods-BitbucketRepos-BitbucketReposUITests.release.xcconfig"; sourceTree = "<group>"; };
		AECD28EA584263D16F35B26E /* Pods-BitbucketReposTests.debug.xcconfig */ = {isa = PBXFileReference; includeInIndex = 1; lastKnownFileType = text.xcconfig; name = "Pods-BitbucketReposTests.debug.xcconfig"; path = "Target Support Files/Pods-BitbucketReposTests/Pods-BitbucketReposTests.debug.xcconfig"; sourceTree = "<group>"; };
		C33731EC2696FBE200A0DD4B /* RepoTableViewCell.swift */ = {isa = PBXFileReference; lastKnownFileType = sourcecode.swift; path = RepoTableViewCell.swift; sourceTree = "<group>"; };
		C33731F62696FC6D00A0DD4B /* RepoViewController.swift */ = {isa = PBXFileReference; lastKnownFileType = sourcecode.swift; path = RepoViewController.swift; sourceTree = "<group>"; };
		C337320026979B2B00A0DD4B /* RepoService.swift */ = {isa = PBXFileReference; lastKnownFileType = sourcecode.swift; path = RepoService.swift; sourceTree = "<group>"; };
		C337321A2697E34100A0DD4B /* Repository.swift */ = {isa = PBXFileReference; lastKnownFileType = sourcecode.swift; path = Repository.swift; sourceTree = "<group>"; };
		C33732242698FED000A0DD4B /* Assets.xcassets */ = {isa = PBXFileReference; lastKnownFileType = folder.assetcatalog; path = Assets.xcassets; sourceTree = "<group>"; };
		C3373268269BE09100A0DD4B /* WebViewController.swift */ = {isa = PBXFileReference; fileEncoding = 4; lastKnownFileType = sourcecode.swift; path = WebViewController.swift; sourceTree = "<group>"; };
		C3B14C1F2696B4CC00FD44A9 /* BitbucketRepos.app */ = {isa = PBXFileReference; explicitFileType = wrapper.application; includeInIndex = 0; path = BitbucketRepos.app; sourceTree = BUILT_PRODUCTS_DIR; };
		C3B14C222696B4CC00FD44A9 /* AppDelegate.swift */ = {isa = PBXFileReference; lastKnownFileType = sourcecode.swift; path = AppDelegate.swift; sourceTree = "<group>"; };
		C3B14C242696B4CC00FD44A9 /* SceneDelegate.swift */ = {isa = PBXFileReference; lastKnownFileType = sourcecode.swift; path = SceneDelegate.swift; sourceTree = "<group>"; };
		C3B14C292696B4CC00FD44A9 /* Base */ = {isa = PBXFileReference; lastKnownFileType = file.storyboard; name = Base; path = Base.lproj/Main.storyboard; sourceTree = "<group>"; };
		C3B14C2E2696B4D200FD44A9 /* Base */ = {isa = PBXFileReference; lastKnownFileType = file.storyboard; name = Base; path = Base.lproj/LaunchScreen.storyboard; sourceTree = "<group>"; };
		C3B14C302696B4D200FD44A9 /* Info.plist */ = {isa = PBXFileReference; lastKnownFileType = text.plist.xml; path = Info.plist; sourceTree = "<group>"; };
		C3B14C352696B4D200FD44A9 /* BitbucketReposTests.xctest */ = {isa = PBXFileReference; explicitFileType = wrapper.cfbundle; includeInIndex = 0; path = BitbucketReposTests.xctest; sourceTree = BUILT_PRODUCTS_DIR; };
		C3B14C392696B4D300FD44A9 /* BitbucketReposTests.swift */ = {isa = PBXFileReference; lastKnownFileType = sourcecode.swift; path = BitbucketReposTests.swift; sourceTree = "<group>"; };
		C3B14C3B2696B4D300FD44A9 /* Info.plist */ = {isa = PBXFileReference; lastKnownFileType = text.plist.xml; path = Info.plist; sourceTree = "<group>"; };
		C3B14C402696B4D300FD44A9 /* BitbucketReposUITests.xctest */ = {isa = PBXFileReference; explicitFileType = wrapper.cfbundle; includeInIndex = 0; path = BitbucketReposUITests.xctest; sourceTree = BUILT_PRODUCTS_DIR; };
		C3B14C442696B4D300FD44A9 /* BitbucketReposUITests.swift */ = {isa = PBXFileReference; lastKnownFileType = sourcecode.swift; path = BitbucketReposUITests.swift; sourceTree = "<group>"; };
		C3B14C462696B4D300FD44A9 /* Info.plist */ = {isa = PBXFileReference; lastKnownFileType = text.plist.xml; path = Info.plist; sourceTree = "<group>"; };
		D0096F84E0BE1BBBDF8F5ABF /* Pods-BitbucketReposTests.release.xcconfig */ = {isa = PBXFileReference; includeInIndex = 1; lastKnownFileType = text.xcconfig; name = "Pods-BitbucketReposTests.release.xcconfig"; path = "Target Support Files/Pods-BitbucketReposTests/Pods-BitbucketReposTests.release.xcconfig"; sourceTree = "<group>"; };
		E4B8620183BD6C50F4577942 /* Pods-BitbucketRepos.debug.xcconfig */ = {isa = PBXFileReference; includeInIndex = 1; lastKnownFileType = text.xcconfig; name = "Pods-BitbucketRepos.debug.xcconfig"; path = "Target Support Files/Pods-BitbucketRepos/Pods-BitbucketRepos.debug.xcconfig"; sourceTree = "<group>"; };
/* End PBXFileReference section */

/* Begin PBXFrameworksBuildPhase section */
		C3B14C1C2696B4CC00FD44A9 /* Frameworks */ = {
			isa = PBXFrameworksBuildPhase;
			buildActionMask = 2147483647;
			files = (
				75A488FA0C53372766DF8B53 /* Pods_BitbucketRepos.framework in Frameworks */,
			);
			runOnlyForDeploymentPostprocessing = 0;
		};
		C3B14C322696B4D200FD44A9 /* Frameworks */ = {
			isa = PBXFrameworksBuildPhase;
			buildActionMask = 2147483647;
			files = (
				866EF54616EA0BA87F6E4950 /* Pods_BitbucketReposTests.framework in Frameworks */,
			);
			runOnlyForDeploymentPostprocessing = 0;
		};
		C3B14C3D2696B4D300FD44A9 /* Frameworks */ = {
			isa = PBXFrameworksBuildPhase;
			buildActionMask = 2147483647;
			files = (
				4B88059036C214487C584C12 /* Pods_BitbucketRepos_BitbucketReposUITests.framework in Frameworks */,
			);
			runOnlyForDeploymentPostprocessing = 0;
		};
/* End PBXFrameworksBuildPhase section */

/* Begin PBXGroup section */
		C33731F12696FBE900A0DD4B /* Models */ = {
			isa = PBXGroup;
			children = (
				C337321A2697E34100A0DD4B /* Repository.swift */,
			);
			path = Models;
			sourceTree = "<group>";
		};
		C33731F22696FBF500A0DD4B /* Views */ = {
			isa = PBXGroup;
			children = (
				C33731EC2696FBE200A0DD4B /* RepoTableViewCell.swift */,
			);
			path = Views;
			sourceTree = "<group>";
		};
		C33731FF26979B0500A0DD4B /* Webservices */ = {
			isa = PBXGroup;
			children = (
				C337320026979B2B00A0DD4B /* RepoService.swift */,
			);
			path = Webservices;
			sourceTree = "<group>";
		};
		C3373259269BD91D00A0DD4B /* Storyboards */ = {
			isa = PBXGroup;
			children = (
				C3B14C282696B4CC00FD44A9 /* Main.storyboard */,
				C3B14C2D2696B4D200FD44A9 /* LaunchScreen.storyboard */,
			);
			path = Storyboards;
			sourceTree = "<group>";
		};
		C3B14C162696B4CC00FD44A9 = {
			isa = PBXGroup;
			children = (
				C3B14C212696B4CC00FD44A9 /* BitbucketRepos */,
				C3B14C382696B4D300FD44A9 /* BitbucketReposTests */,
				C3B14C432696B4D300FD44A9 /* BitbucketReposUITests */,
				C3B14C202696B4CC00FD44A9 /* Products */,
				D61BD47B0BA64FC9BB462DD7 /* Pods */,
				CF0DB4C8D9E2F66F89F6B5BC /* Frameworks */,
			);
			sourceTree = "<group>";
		};
		C3B14C202696B4CC00FD44A9 /* Products */ = {
			isa = PBXGroup;
			children = (
				C3B14C1F2696B4CC00FD44A9 /* BitbucketRepos.app */,
				C3B14C352696B4D200FD44A9 /* BitbucketReposTests.xctest */,
				C3B14C402696B4D300FD44A9 /* BitbucketReposUITests.xctest */,
			);
			name = Products;
			sourceTree = "<group>";
		};
		C3B14C212696B4CC00FD44A9 /* BitbucketRepos */ = {
			isa = PBXGroup;
			children = (
				C3B14C222696B4CC00FD44A9 /* AppDelegate.swift */,
				C3373268269BE09100A0DD4B /* WebViewController.swift */,
				C33731F62696FC6D00A0DD4B /* RepoViewController.swift */,
				C3373259269BD91D00A0DD4B /* Storyboards */,
				C33731F22696FBF500A0DD4B /* Views */,
				C33731FF26979B0500A0DD4B /* Webservices */,
				C33731F12696FBE900A0DD4B /* Models */,
				C3B14C242696B4CC00FD44A9 /* SceneDelegate.swift */,
				C33732242698FED000A0DD4B /* Assets.xcassets */,
				C3B14C302696B4D200FD44A9 /* Info.plist */,
			);
			path = BitbucketRepos;
			sourceTree = "<group>";
		};
		C3B14C382696B4D300FD44A9 /* BitbucketReposTests */ = {
			isa = PBXGroup;
			children = (
				C3B14C392696B4D300FD44A9 /* BitbucketReposTests.swift */,
				C3B14C3B2696B4D300FD44A9 /* Info.plist */,
			);
			path = BitbucketReposTests;
			sourceTree = "<group>";
		};
		C3B14C432696B4D300FD44A9 /* BitbucketReposUITests */ = {
			isa = PBXGroup;
			children = (
				C3B14C442696B4D300FD44A9 /* BitbucketReposUITests.swift */,
				C3B14C462696B4D300FD44A9 /* Info.plist */,
			);
			path = BitbucketReposUITests;
			sourceTree = "<group>";
		};
		CF0DB4C8D9E2F66F89F6B5BC /* Frameworks */ = {
			isa = PBXGroup;
			children = (
				7580AD3C0551A8A4179BC83A /* Pods_BitbucketRepos.framework */,
				11021C7C6C4D44B53AEB4767 /* Pods_BitbucketRepos_BitbucketReposUITests.framework */,
				0BA6A2EF43CE121A6BFD112B /* Pods_BitbucketReposTests.framework */,
			);
			name = Frameworks;
			sourceTree = "<group>";
		};
		D61BD47B0BA64FC9BB462DD7 /* Pods */ = {
			isa = PBXGroup;
			children = (
				E4B8620183BD6C50F4577942 /* Pods-BitbucketRepos.debug.xcconfig */,
				09E1CAEF3FD8A1FF30C4A946 /* Pods-BitbucketRepos.release.xcconfig */,
				4E6E4C003A112E7383A67CFC /* Pods-BitbucketRepos-BitbucketReposUITests.debug.xcconfig */,
				7EF413C8B99754B97B9F5E9B /* Pods-BitbucketRepos-BitbucketReposUITests.release.xcconfig */,
				AECD28EA584263D16F35B26E /* Pods-BitbucketReposTests.debug.xcconfig */,
				D0096F84E0BE1BBBDF8F5ABF /* Pods-BitbucketReposTests.release.xcconfig */,
			);
			path = Pods;
			sourceTree = "<group>";
		};
/* End PBXGroup section */

/* Begin PBXNativeTarget section */
		C3B14C1E2696B4CC00FD44A9 /* BitbucketRepos */ = {
			isa = PBXNativeTarget;
			buildConfigurationList = C3B14C492696B4D300FD44A9 /* Build configuration list for PBXNativeTarget "BitbucketRepos" */;
			buildPhases = (
				9CB492774C708A592DD30933 /* [CP] Check Pods Manifest.lock */,
				C3B14C1B2696B4CC00FD44A9 /* Sources */,
				C3B14C1C2696B4CC00FD44A9 /* Frameworks */,
				C3B14C1D2696B4CC00FD44A9 /* Resources */,
				15B3DD81D5C3C5D3C920220D /* [CP] Embed Pods Frameworks */,
			);
			buildRules = (
			);
			dependencies = (
			);
			name = BitbucketRepos;
			productName = BitbucketRepos;
			productReference = C3B14C1F2696B4CC00FD44A9 /* BitbucketRepos.app */;
			productType = "com.apple.product-type.application";
		};
		C3B14C342696B4D200FD44A9 /* BitbucketReposTests */ = {
			isa = PBXNativeTarget;
			buildConfigurationList = C3B14C4C2696B4D300FD44A9 /* Build configuration list for PBXNativeTarget "BitbucketReposTests" */;
			buildPhases = (
				CA037C96C5D7AFF81332B609 /* [CP] Check Pods Manifest.lock */,
				C3B14C312696B4D200FD44A9 /* Sources */,
				C3B14C322696B4D200FD44A9 /* Frameworks */,
				C3B14C332696B4D200FD44A9 /* Resources */,
			);
			buildRules = (
			);
			dependencies = (
				C3B14C372696B4D200FD44A9 /* PBXTargetDependency */,
			);
			name = BitbucketReposTests;
			productName = BitbucketReposTests;
			productReference = C3B14C352696B4D200FD44A9 /* BitbucketReposTests.xctest */;
			productType = "com.apple.product-type.bundle.unit-test";
		};
		C3B14C3F2696B4D300FD44A9 /* BitbucketReposUITests */ = {
			isa = PBXNativeTarget;
			buildConfigurationList = C3B14C4F2696B4D300FD44A9 /* Build configuration list for PBXNativeTarget "BitbucketReposUITests" */;
			buildPhases = (
				9B41A639A53DB29708BDDE36 /* [CP] Check Pods Manifest.lock */,
				C3B14C3C2696B4D300FD44A9 /* Sources */,
				C3B14C3D2696B4D300FD44A9 /* Frameworks */,
				C3B14C3E2696B4D300FD44A9 /* Resources */,
				9D3CFF5450D375695827C022 /* [CP] Embed Pods Frameworks */,
			);
			buildRules = (
			);
			dependencies = (
				C3B14C422696B4D300FD44A9 /* PBXTargetDependency */,
			);
			name = BitbucketReposUITests;
			productName = BitbucketReposUITests;
			productReference = C3B14C402696B4D300FD44A9 /* BitbucketReposUITests.xctest */;
			productType = "com.apple.product-type.bundle.ui-testing";
		};
/* End PBXNativeTarget section */

/* Begin PBXProject section */
		C3B14C172696B4CC00FD44A9 /* Project object */ = {
			isa = PBXProject;
			attributes = {
				LastSwiftUpdateCheck = 1220;
				LastUpgradeCheck = 1220;
				TargetAttributes = {
					C3B14C1E2696B4CC00FD44A9 = {
						CreatedOnToolsVersion = 12.2;
					};
					C3B14C342696B4D200FD44A9 = {
						CreatedOnToolsVersion = 12.2;
						TestTargetID = C3B14C1E2696B4CC00FD44A9;
					};
					C3B14C3F2696B4D300FD44A9 = {
						CreatedOnToolsVersion = 12.2;
						TestTargetID = C3B14C1E2696B4CC00FD44A9;
					};
				};
			};
			buildConfigurationList = C3B14C1A2696B4CC00FD44A9 /* Build configuration list for PBXProject "BitbucketRepos" */;
			compatibilityVersion = "Xcode 9.3";
			developmentRegion = en;
			hasScannedForEncodings = 0;
			knownRegions = (
				en,
				Base,
			);
			mainGroup = C3B14C162696B4CC00FD44A9;
			productRefGroup = C3B14C202696B4CC00FD44A9 /* Products */;
			projectDirPath = "";
			projectRoot = "";
			targets = (
				C3B14C1E2696B4CC00FD44A9 /* BitbucketRepos */,
				C3B14C342696B4D200FD44A9 /* BitbucketReposTests */,
				C3B14C3F2696B4D300FD44A9 /* BitbucketReposUITests */,
			);
		};
/* End PBXProject section */

/* Begin PBXResourcesBuildPhase section */
		C3B14C1D2696B4CC00FD44A9 /* Resources */ = {
			isa = PBXResourcesBuildPhase;
			buildActionMask = 2147483647;
			files = (
				C3B14C2F2696B4D200FD44A9 /* LaunchScreen.storyboard in Resources */,
				C33732252698FED000A0DD4B /* Assets.xcassets in Resources */,
				C3B14C2A2696B4CC00FD44A9 /* Main.storyboard in Resources */,
			);
			runOnlyForDeploymentPostprocessing = 0;
		};
		C3B14C332696B4D200FD44A9 /* Resources */ = {
			isa = PBXResourcesBuildPhase;
			buildActionMask = 2147483647;
			files = (
				C33732262698FED000A0DD4B /* Assets.xcassets in Resources */,
			);
			runOnlyForDeploymentPostprocessing = 0;
		};
		C3B14C3E2696B4D300FD44A9 /* Resources */ = {
			isa = PBXResourcesBuildPhase;
			buildActionMask = 2147483647;
			files = (
				C33732272698FED000A0DD4B /* Assets.xcassets in Resources */,
			);
			runOnlyForDeploymentPostprocessing = 0;
		};
/* End PBXResourcesBuildPhase section */

/* Begin PBXShellScriptBuildPhase section */
		15B3DD81D5C3C5D3C920220D /* [CP] Embed Pods Frameworks */ = {
			isa = PBXShellScriptBuildPhase;
			buildActionMask = 2147483647;
			files = (
			);
			inputFileListPaths = (
				"${PODS_ROOT}/Target Support Files/Pods-BitbucketRepos/Pods-BitbucketRepos-frameworks-${CONFIGURATION}-input-files.xcfilelist",
			);
			name = "[CP] Embed Pods Frameworks";
			outputFileListPaths = (
				"${PODS_ROOT}/Target Support Files/Pods-BitbucketRepos/Pods-BitbucketRepos-frameworks-${CONFIGURATION}-output-files.xcfilelist",
			);
			runOnlyForDeploymentPostprocessing = 0;
			shellPath = /bin/sh;
			shellScript = "\"${PODS_ROOT}/Target Support Files/Pods-BitbucketRepos/Pods-BitbucketRepos-frameworks.sh\"\n";
			showEnvVarsInLog = 0;
		};
		9B41A639A53DB29708BDDE36 /* [CP] Check Pods Manifest.lock */ = {
			isa = PBXShellScriptBuildPhase;
			buildActionMask = 2147483647;
			files = (
			);
			inputFileListPaths = (
			);
			inputPaths = (
				"${PODS_PODFILE_DIR_PATH}/Podfile.lock",
				"${PODS_ROOT}/Manifest.lock",
			);
			name = "[CP] Check Pods Manifest.lock";
			outputFileListPaths = (
			);
			outputPaths = (
				"$(DERIVED_FILE_DIR)/Pods-BitbucketRepos-BitbucketReposUITests-checkManifestLockResult.txt",
			);
			runOnlyForDeploymentPostprocessing = 0;
			shellPath = /bin/sh;
			shellScript = "diff \"${PODS_PODFILE_DIR_PATH}/Podfile.lock\" \"${PODS_ROOT}/Manifest.lock\" > /dev/null\nif [ $? != 0 ] ; then\n    # print error to STDERR\n    echo \"error: The sandbox is not in sync with the Podfile.lock. Run 'pod install' or update your CocoaPods installation.\" >&2\n    exit 1\nfi\n# This output is used by Xcode 'outputs' to avoid re-running this script phase.\necho \"SUCCESS\" > \"${SCRIPT_OUTPUT_FILE_0}\"\n";
			showEnvVarsInLog = 0;
		};
		9CB492774C708A592DD30933 /* [CP] Check Pods Manifest.lock */ = {
			isa = PBXShellScriptBuildPhase;
			buildActionMask = 2147483647;
			files = (
			);
			inputFileListPaths = (
			);
			inputPaths = (
				"${PODS_PODFILE_DIR_PATH}/Podfile.lock",
				"${PODS_ROOT}/Manifest.lock",
			);
			name = "[CP] Check Pods Manifest.lock";
			outputFileListPaths = (
			);
			outputPaths = (
				"$(DERIVED_FILE_DIR)/Pods-BitbucketRepos-checkManifestLockResult.txt",
			);
			runOnlyForDeploymentPostprocessing = 0;
			shellPath = /bin/sh;
			shellScript = "diff \"${PODS_PODFILE_DIR_PATH}/Podfile.lock\" \"${PODS_ROOT}/Manifest.lock\" > /dev/null\nif [ $? != 0 ] ; then\n    # print error to STDERR\n    echo \"error: The sandbox is not in sync with the Podfile.lock. Run 'pod install' or update your CocoaPods installation.\" >&2\n    exit 1\nfi\n# This output is used by Xcode 'outputs' to avoid re-running this script phase.\necho \"SUCCESS\" > \"${SCRIPT_OUTPUT_FILE_0}\"\n";
			showEnvVarsInLog = 0;
		};
		9D3CFF5450D375695827C022 /* [CP] Embed Pods Frameworks */ = {
			isa = PBXShellScriptBuildPhase;
			buildActionMask = 2147483647;
			files = (
			);
			inputFileListPaths = (
				"${PODS_ROOT}/Target Support Files/Pods-BitbucketRepos-BitbucketReposUITests/Pods-BitbucketRepos-BitbucketReposUITests-frameworks-${CONFIGURATION}-input-files.xcfilelist",
			);
			name = "[CP] Embed Pods Frameworks";
			outputFileListPaths = (
				"${PODS_ROOT}/Target Support Files/Pods-BitbucketRepos-BitbucketReposUITests/Pods-BitbucketRepos-BitbucketReposUITests-frameworks-${CONFIGURATION}-output-files.xcfilelist",
			);
			runOnlyForDeploymentPostprocessing = 0;
			shellPath = /bin/sh;
			shellScript = "\"${PODS_ROOT}/Target Support Files/Pods-BitbucketRepos-BitbucketReposUITests/Pods-BitbucketRepos-BitbucketReposUITests-frameworks.sh\"\n";
			showEnvVarsInLog = 0;
		};
		CA037C96C5D7AFF81332B609 /* [CP] Check Pods Manifest.lock */ = {
			isa = PBXShellScriptBuildPhase;
			buildActionMask = 2147483647;
			files = (
			);
			inputFileListPaths = (
			);
			inputPaths = (
				"${PODS_PODFILE_DIR_PATH}/Podfile.lock",
				"${PODS_ROOT}/Manifest.lock",
			);
			name = "[CP] Check Pods Manifest.lock";
			outputFileListPaths = (
			);
			outputPaths = (
				"$(DERIVED_FILE_DIR)/Pods-BitbucketReposTests-checkManifestLockResult.txt",
			);
			runOnlyForDeploymentPostprocessing = 0;
			shellPath = /bin/sh;
			shellScript = "diff \"${PODS_PODFILE_DIR_PATH}/Podfile.lock\" \"${PODS_ROOT}/Manifest.lock\" > /dev/null\nif [ $? != 0 ] ; then\n    # print error to STDERR\n    echo \"error: The sandbox is not in sync with the Podfile.lock. Run 'pod install' or update your CocoaPods installation.\" >&2\n    exit 1\nfi\n# This output is used by Xcode 'outputs' to avoid re-running this script phase.\necho \"SUCCESS\" > \"${SCRIPT_OUTPUT_FILE_0}\"\n";
			showEnvVarsInLog = 0;
		};
/* End PBXShellScriptBuildPhase section */

/* Begin PBXSourcesBuildPhase section */
		C3B14C1B2696B4CC00FD44A9 /* Sources */ = {
			isa = PBXSourcesBuildPhase;
			buildActionMask = 2147483647;
			files = (
				C337320126979B2B00A0DD4B /* RepoService.swift in Sources */,
				C3B14C232696B4CC00FD44A9 /* AppDelegate.swift in Sources */,
				C3B14C252696B4CC00FD44A9 /* SceneDelegate.swift in Sources */,
				C33731F72696FC6D00A0DD4B /* RepoViewController.swift in Sources */,
				C3373269269BE09100A0DD4B /* WebViewController.swift in Sources */,
				C33731ED2696FBE200A0DD4B /* RepoTableViewCell.swift in Sources */,
				C337321B2697E34100A0DD4B /* Repository.swift in Sources */,
			);
			runOnlyForDeploymentPostprocessing = 0;
		};
		C3B14C312696B4D200FD44A9 /* Sources */ = {
			isa = PBXSourcesBuildPhase;
			buildActionMask = 2147483647;
			files = (
				C337320226979B2B00A0DD4B /* RepoService.swift in Sources */,
				C3B14C3A2696B4D300FD44A9 /* BitbucketReposTests.swift in Sources */,
				C337321C2697E34100A0DD4B /* Repository.swift in Sources */,
				C337326A269BE09100A0DD4B /* WebViewController.swift in Sources */,
				C3373251269BD8FE00A0DD4B /* RepoViewController.swift in Sources */,
			);
			runOnlyForDeploymentPostprocessing = 0;
		};
		C3B14C3C2696B4D300FD44A9 /* Sources */ = {
			isa = PBXSourcesBuildPhase;
			buildActionMask = 2147483647;
			files = (
				C337320326979B2B00A0DD4B /* RepoService.swift in Sources */,
				C3B14C452696B4D300FD44A9 /* BitbucketReposUITests.swift in Sources */,
				C337321D2697E34100A0DD4B /* Repository.swift in Sources */,
				C337326B269BE09100A0DD4B /* WebViewController.swift in Sources */,
				C3373252269BD8FE00A0DD4B /* RepoViewController.swift in Sources */,
			);
			runOnlyForDeploymentPostprocessing = 0;
		};
/* End PBXSourcesBuildPhase section */

/* Begin PBXTargetDependency section */
		C3B14C372696B4D200FD44A9 /* PBXTargetDependency */ = {
			isa = PBXTargetDependency;
			target = C3B14C1E2696B4CC00FD44A9 /* BitbucketRepos */;
			targetProxy = C3B14C362696B4D200FD44A9 /* PBXContainerItemProxy */;
		};
		C3B14C422696B4D300FD44A9 /* PBXTargetDependency */ = {
			isa = PBXTargetDependency;
			target = C3B14C1E2696B4CC00FD44A9 /* BitbucketRepos */;
			targetProxy = C3B14C412696B4D300FD44A9 /* PBXContainerItemProxy */;
		};
/* End PBXTargetDependency section */

/* Begin PBXVariantGroup section */
		C3B14C282696B4CC00FD44A9 /* Main.storyboard */ = {
			isa = PBXVariantGroup;
			children = (
				C3B14C292696B4CC00FD44A9 /* Base */,
			);
			name = Main.storyboard;
			sourceTree = "<group>";
		};
		C3B14C2D2696B4D200FD44A9 /* LaunchScreen.storyboard */ = {
			isa = PBXVariantGroup;
			children = (
				C3B14C2E2696B4D200FD44A9 /* Base */,
			);
			name = LaunchScreen.storyboard;
			sourceTree = "<group>";
		};
/* End PBXVariantGroup section */

/* Begin XCBuildConfiguration section */
		C3B14C472696B4D300FD44A9 /* Debug */ = {
			isa = XCBuildConfiguration;
			buildSettings = {
				ALWAYS_SEARCH_USER_PATHS = NO;
				CLANG_ANALYZER_NONNULL = YES;
				CLANG_ANALYZER_NUMBER_OBJECT_CONVERSION = YES_AGGRESSIVE;
				CLANG_CXX_LANGUAGE_STANDARD = "gnu++14";
				CLANG_CXX_LIBRARY = "libc++";
				CLANG_ENABLE_MODULES = YES;
				CLANG_ENABLE_OBJC_ARC = YES;
				CLANG_ENABLE_OBJC_WEAK = YES;
				CLANG_WARN_BLOCK_CAPTURE_AUTORELEASING = YES;
				CLANG_WARN_BOOL_CONVERSION = YES;
				CLANG_WARN_COMMA = YES;
				CLANG_WARN_CONSTANT_CONVERSION = YES;
				CLANG_WARN_DEPRECATED_OBJC_IMPLEMENTATIONS = YES;
				CLANG_WARN_DIRECT_OBJC_ISA_USAGE = YES_ERROR;
				CLANG_WARN_DOCUMENTATION_COMMENTS = YES;
				CLANG_WARN_EMPTY_BODY = YES;
				CLANG_WARN_ENUM_CONVERSION = YES;
				CLANG_WARN_INFINITE_RECURSION = YES;
				CLANG_WARN_INT_CONVERSION = YES;
				CLANG_WARN_NON_LITERAL_NULL_CONVERSION = YES;
				CLANG_WARN_OBJC_IMPLICIT_RETAIN_SELF = YES;
				CLANG_WARN_OBJC_LITERAL_CONVERSION = YES;
				CLANG_WARN_OBJC_ROOT_CLASS = YES_ERROR;
				CLANG_WARN_QUOTED_INCLUDE_IN_FRAMEWORK_HEADER = YES;
				CLANG_WARN_RANGE_LOOP_ANALYSIS = YES;
				CLANG_WARN_STRICT_PROTOTYPES = YES;
				CLANG_WARN_SUSPICIOUS_MOVE = YES;
				CLANG_WARN_UNGUARDED_AVAILABILITY = YES_AGGRESSIVE;
				CLANG_WARN_UNREACHABLE_CODE = YES;
				CLANG_WARN__DUPLICATE_METHOD_MATCH = YES;
				COPY_PHASE_STRIP = NO;
				DEBUG_INFORMATION_FORMAT = dwarf;
				ENABLE_STRICT_OBJC_MSGSEND = YES;
				ENABLE_TESTABILITY = YES;
				GCC_C_LANGUAGE_STANDARD = gnu11;
				GCC_DYNAMIC_NO_PIC = NO;
				GCC_NO_COMMON_BLOCKS = YES;
				GCC_OPTIMIZATION_LEVEL = 0;
				GCC_PREPROCESSOR_DEFINITIONS = (
					"DEBUG=1",
					"$(inherited)",
				);
				GCC_WARN_64_TO_32_BIT_CONVERSION = YES;
				GCC_WARN_ABOUT_RETURN_TYPE = YES_ERROR;
				GCC_WARN_UNDECLARED_SELECTOR = YES;
				GCC_WARN_UNINITIALIZED_AUTOS = YES_AGGRESSIVE;
				GCC_WARN_UNUSED_FUNCTION = YES;
				GCC_WARN_UNUSED_VARIABLE = YES;
				IPHONEOS_DEPLOYMENT_TARGET = 14.2;
				MTL_ENABLE_DEBUG_INFO = INCLUDE_SOURCE;
				MTL_FAST_MATH = YES;
				ONLY_ACTIVE_ARCH = YES;
				SDKROOT = iphoneos;
				SWIFT_ACTIVE_COMPILATION_CONDITIONS = DEBUG;
				SWIFT_OPTIMIZATION_LEVEL = "-Onone";
			};
			name = Debug;
		};
		C3B14C482696B4D300FD44A9 /* Release */ = {
			isa = XCBuildConfiguration;
			buildSettings = {
				ALWAYS_SEARCH_USER_PATHS = NO;
				CLANG_ANALYZER_NONNULL = YES;
				CLANG_ANALYZER_NUMBER_OBJECT_CONVERSION = YES_AGGRESSIVE;
				CLANG_CXX_LANGUAGE_STANDARD = "gnu++14";
				CLANG_CXX_LIBRARY = "libc++";
				CLANG_ENABLE_MODULES = YES;
				CLANG_ENABLE_OBJC_ARC = YES;
				CLANG_ENABLE_OBJC_WEAK = YES;
				CLANG_WARN_BLOCK_CAPTURE_AUTORELEASING = YES;
				CLANG_WARN_BOOL_CONVERSION = YES;
				CLANG_WARN_COMMA = YES;
				CLANG_WARN_CONSTANT_CONVERSION = YES;
				CLANG_WARN_DEPRECATED_OBJC_IMPLEMENTATIONS = YES;
				CLANG_WARN_DIRECT_OBJC_ISA_USAGE = YES_ERROR;
				CLANG_WARN_DOCUMENTATION_COMMENTS = YES;
				CLANG_WARN_EMPTY_BODY = YES;
				CLANG_WARN_ENUM_CONVERSION = YES;
				CLANG_WARN_INFINITE_RECURSION = YES;
				CLANG_WARN_INT_CONVERSION = YES;
				CLANG_WARN_NON_LITERAL_NULL_CONVERSION = YES;
				CLANG_WARN_OBJC_IMPLICIT_RETAIN_SELF = YES;
				CLANG_WARN_OBJC_LITERAL_CONVERSION = YES;
				CLANG_WARN_OBJC_ROOT_CLASS = YES_ERROR;
				CLANG_WARN_QUOTED_INCLUDE_IN_FRAMEWORK_HEADER = YES;
				CLANG_WARN_RANGE_LOOP_ANALYSIS = YES;
				CLANG_WARN_STRICT_PROTOTYPES = YES;
				CLANG_WARN_SUSPICIOUS_MOVE = YES;
				CLANG_WARN_UNGUARDED_AVAILABILITY = YES_AGGRESSIVE;
				CLANG_WARN_UNREACHABLE_CODE = YES;
				CLANG_WARN__DUPLICATE_METHOD_MATCH = YES;
				COPY_PHASE_STRIP = NO;
				DEBUG_INFORMATION_FORMAT = "dwarf-with-dsym";
				ENABLE_NS_ASSERTIONS = NO;
				ENABLE_STRICT_OBJC_MSGSEND = YES;
				GCC_C_LANGUAGE_STANDARD = gnu11;
				GCC_NO_COMMON_BLOCKS = YES;
				GCC_WARN_64_TO_32_BIT_CONVERSION = YES;
				GCC_WARN_ABOUT_RETURN_TYPE = YES_ERROR;
				GCC_WARN_UNDECLARED_SELECTOR = YES;
				GCC_WARN_UNINITIALIZED_AUTOS = YES_AGGRESSIVE;
				GCC_WARN_UNUSED_FUNCTION = YES;
				GCC_WARN_UNUSED_VARIABLE = YES;
				IPHONEOS_DEPLOYMENT_TARGET = 14.2;
				MTL_ENABLE_DEBUG_INFO = NO;
				MTL_FAST_MATH = YES;
				SDKROOT = iphoneos;
				SWIFT_COMPILATION_MODE = wholemodule;
				SWIFT_OPTIMIZATION_LEVEL = "-O";
				VALIDATE_PRODUCT = YES;
			};
			name = Release;
		};
		C3B14C4A2696B4D300FD44A9 /* Debug */ = {
			isa = XCBuildConfiguration;
			baseConfigurationReference = E4B8620183BD6C50F4577942 /* Pods-BitbucketRepos.debug.xcconfig */;
			buildSettings = {
				ASSETCATALOG_COMPILER_APPICON_NAME = AppIcon;
				ASSETCATALOG_COMPILER_GLOBAL_ACCENT_COLOR_NAME = AccentColor;
				CODE_SIGN_STYLE = Automatic;
				DEVELOPMENT_TEAM = HRPMB53YRF;
				INFOPLIST_FILE = BitbucketRepos/Info.plist;
				LD_RUNPATH_SEARCH_PATHS = (
					"$(inherited)",
					"@executable_path/Frameworks",
				);
				PRODUCT_BUNDLE_IDENTIFIER = com.md.sample.BitbucketRepos;
				PRODUCT_NAME = "$(TARGET_NAME)";
				SWIFT_VERSION = 5.0;
				TARGETED_DEVICE_FAMILY = "1,2";
			};
			name = Debug;
		};
		C3B14C4B2696B4D300FD44A9 /* Release */ = {
			isa = XCBuildConfiguration;
			baseConfigurationReference = 09E1CAEF3FD8A1FF30C4A946 /* Pods-BitbucketRepos.release.xcconfig */;
			buildSettings = {
				ASSETCATALOG_COMPILER_APPICON_NAME = AppIcon;
				ASSETCATALOG_COMPILER_GLOBAL_ACCENT_COLOR_NAME = AccentColor;
				CODE_SIGN_STYLE = Automatic;
				DEVELOPMENT_TEAM = HRPMB53YRF;
				INFOPLIST_FILE = BitbucketRepos/Info.plist;
				LD_RUNPATH_SEARCH_PATHS = (
					"$(inherited)",
					"@executable_path/Frameworks",
				);
				PRODUCT_BUNDLE_IDENTIFIER = com.md.sample.BitbucketRepos;
				PRODUCT_NAME = "$(TARGET_NAME)";
				SWIFT_VERSION = 5.0;
				TARGETED_DEVICE_FAMILY = "1,2";
			};
			name = Release;
		};
		C3B14C4D2696B4D300FD44A9 /* Debug */ = {
			isa = XCBuildConfiguration;
			baseConfigurationReference = AECD28EA584263D16F35B26E /* Pods-BitbucketReposTests.debug.xcconfig */;
			buildSettings = {
				ALWAYS_EMBED_SWIFT_STANDARD_LIBRARIES = YES;
				BUNDLE_LOADER = "$(TEST_HOST)";
				CODE_SIGN_STYLE = Automatic;
				DEVELOPMENT_TEAM = HRPMB53YRF;
				INFOPLIST_FILE = BitbucketReposTests/Info.plist;
				IPHONEOS_DEPLOYMENT_TARGET = 14.2;
				LD_RUNPATH_SEARCH_PATHS = (
					"$(inherited)",
					"@executable_path/Frameworks",
					"@loader_path/Frameworks",
				);
				PRODUCT_BUNDLE_IDENTIFIER = com.md.sample.BitbucketReposTests;
				PRODUCT_NAME = "$(TARGET_NAME)";
				SWIFT_VERSION = 5.0;
				TARGETED_DEVICE_FAMILY = "1,2";
				TEST_HOST = "$(BUILT_PRODUCTS_DIR)/BitbucketRepos.app/BitbucketRepos";
			};
			name = Debug;
		};
		C3B14C4E2696B4D300FD44A9 /* Release */ = {
			isa = XCBuildConfiguration;
			baseConfigurationReference = D0096F84E0BE1BBBDF8F5ABF /* Pods-BitbucketReposTests.release.xcconfig */;
			buildSettings = {
				ALWAYS_EMBED_SWIFT_STANDARD_LIBRARIES = YES;
				BUNDLE_LOADER = "$(TEST_HOST)";
				CODE_SIGN_STYLE = Automatic;
				DEVELOPMENT_TEAM = HRPMB53YRF;
				INFOPLIST_FILE = BitbucketReposTests/Info.plist;
				IPHONEOS_DEPLOYMENT_TARGET = 14.2;
				LD_RUNPATH_SEARCH_PATHS = (
					"$(inherited)",
					"@executable_path/Frameworks",
					"@loader_path/Frameworks",
				);
				PRODUCT_BUNDLE_IDENTIFIER = com.md.sample.BitbucketReposTests;
				PRODUCT_NAME = "$(TARGET_NAME)";
				SWIFT_VERSION = 5.0;
				TARGETED_DEVICE_FAMILY = "1,2";
				TEST_HOST = "$(BUILT_PRODUCTS_DIR)/BitbucketRepos.app/BitbucketRepos";
			};
			name = Release;
		};
		C3B14C502696B4D300FD44A9 /* Debug */ = {
			isa = XCBuildConfiguration;
			baseConfigurationReference = 4E6E4C003A112E7383A67CFC /* Pods-BitbucketRepos-BitbucketReposUITests.debug.xcconfig */;
			buildSettings = {
				ALWAYS_EMBED_SWIFT_STANDARD_LIBRARIES = YES;
				CODE_SIGN_STYLE = Automatic;
				DEVELOPMENT_TEAM = HRPMB53YRF;
				INFOPLIST_FILE = BitbucketReposUITests/Info.plist;
				LD_RUNPATH_SEARCH_PATHS = (
					"$(inherited)",
					"@executable_path/Frameworks",
					"@loader_path/Frameworks",
				);
				PRODUCT_BUNDLE_IDENTIFIER = com.md.sample.BitbucketReposUITests;
				PRODUCT_NAME = "$(TARGET_NAME)";
				SWIFT_VERSION = 5.0;
				TARGETED_DEVICE_FAMILY = "1,2";
				TEST_TARGET_NAME = BitbucketRepos;
			};
			name = Debug;
		};
		C3B14C512696B4D300FD44A9 /* Release */ = {
			isa = XCBuildConfiguration;
			baseConfigurationReference = 7EF413C8B99754B97B9F5E9B /* Pods-BitbucketRepos-BitbucketReposUITests.release.xcconfig */;
			buildSettings = {
				ALWAYS_EMBED_SWIFT_STANDARD_LIBRARIES = YES;
				CODE_SIGN_STYLE = Automatic;
				DEVELOPMENT_TEAM = HRPMB53YRF;
				INFOPLIST_FILE = BitbucketReposUITests/Info.plist;
				LD_RUNPATH_SEARCH_PATHS = (
					"$(inherited)",
					"@executable_path/Frameworks",
					"@loader_path/Frameworks",
				);
				PRODUCT_BUNDLE_IDENTIFIER = com.md.sample.BitbucketReposUITests;
				PRODUCT_NAME = "$(TARGET_NAME)";
				SWIFT_VERSION = 5.0;
				TARGETED_DEVICE_FAMILY = "1,2";
				TEST_TARGET_NAME = BitbucketRepos;
			};
			name = Release;
		};
/* End XCBuildConfiguration section */

/* Begin XCConfigurationList section */
		C3B14C1A2696B4CC00FD44A9 /* Build configuration list for PBXProject "BitbucketRepos" */ = {
			isa = XCConfigurationList;
			buildConfigurations = (
				C3B14C472696B4D300FD44A9 /* Debug */,
				C3B14C482696B4D300FD44A9 /* Release */,
			);
			defaultConfigurationIsVisible = 0;
			defaultConfigurationName = Release;
		};
		C3B14C492696B4D300FD44A9 /* Build configuration list for PBXNativeTarget "BitbucketRepos" */ = {
			isa = XCConfigurationList;
			buildConfigurations = (
				C3B14C4A2696B4D300FD44A9 /* Debug */,
				C3B14C4B2696B4D300FD44A9 /* Release */,
			);
			defaultConfigurationIsVisible = 0;
			defaultConfigurationName = Release;
		};
		C3B14C4C2696B4D300FD44A9 /* Build configuration list for PBXNativeTarget "BitbucketReposTests" */ = {
			isa = XCConfigurationList;
			buildConfigurations = (
				C3B14C4D2696B4D300FD44A9 /* Debug */,
				C3B14C4E2696B4D300FD44A9 /* Release */,
			);
			defaultConfigurationIsVisible = 0;
			defaultConfigurationName = Release;
		};
		C3B14C4F2696B4D300FD44A9 /* Build configuration list for PBXNativeTarget "BitbucketReposUITests" */ = {
			isa = XCConfigurationList;
			buildConfigurations = (
				C3B14C502696B4D300FD44A9 /* Debug */,
				C3B14C512696B4D300FD44A9 /* Release */,
			);
			defaultConfigurationIsVisible = 0;
			defaultConfigurationName = Release;
		};
/* End XCConfigurationList section */
	};
	rootObject = C3B14C172696B4CC00FD44A9 /* Project object */;
}
